// See https://aka.ms/new-console-template for more information

double pituus;
Console.Write("Anna Pituutesi senttimetreinä: ");
pituus = int.Parse(Console.ReadLine()); //Luetaan ensinmäinen numero("Anna pituutesi senttimetreinä ");


double metria = pituus / 100;
double mailia = pituus / 160934.4;
double jaardia = pituus / 91.44;
double tuumaa = pituus / 2.54;

string metri = string.Format("{0:0.00}",metria);
string maili = string.Format("{0:0.00}", mailia);
string jaardi = string.Format("{0:0.00}", jaardia);
string tuuma = string.Format("{0:0.00}", tuumaa);

//Console.WriteLine(pituus / 100 + " Metriä ");
//Console.WriteLine(pituus / 160934.4 "Mailia ");
//Console.WriteLine(pituus / 91,44 "Jaardeina);
//Console.WriteLine(pituus / 2.54 "Tuumaa ");

Console.WriteLine($"{metri} metriä");
Console.WriteLine($"{maili} maili");
Console.WriteLine($"{jaardi} jaardi");
Console.WriteLine($"{tuuma} tuuma");
//string pituus = string.Format("0:0.00)"metriä);
